
Microsoft Visual Studio Solution File, Format Version 12.00
# Visual Studio Version 16
VisualStudioVersion = 16.0.31112.23
MinimumVisualStudioVersion = 10.0.40219.1
Project("{FAE04EC0-301F-11D3-BF4B-00C04F79EFBC}") = "ShopNuocHoa.WebApp", "ShopNuocHoa.WebApp\ShopNuocHoa.WebApp.csproj", "{A2CE2716-C07A-473E-8CCC-958F334AF324}"
EndProject
Global
	GlobalSection(SolutionConfigurationPlatforms) = preSolution
		Debug|Any CPU = Debug|Any CPU
		Release|Any CPU = Release|Any CPU
	EndGlobalSection
	GlobalSection(ProjectConfigurationPlatforms) = postSolution
		{A2CE2716-C07A-473E-8CCC-958F334AF324}.Debug|Any CPU.ActiveCfg = Debug|Any CPU
		{A2CE2716-C07A-473E-8CCC-958F334AF324}.Debug|Any CPU.Build.0 = Debug|Any CPU
		{A2CE2716-C07A-473E-8CCC-958F334AF324}.Release|Any CPU.ActiveCfg = Release|Any CPU
		{A2CE2716-C07A-473E-8CCC-958F334AF324}.Release|Any CPU.Build.0 = Release|Any CPU
	EndGlobalSection
	GlobalSection(SolutionProperties) = preSolution
		HideSolutionNode = FALSE
	EndGlobalSection
	GlobalSection(ExtensibilityGlobals) = postSolution
		SolutionGuid = {1BBDA7F6-4205-45AB-8354-1BAFC1A845B0}
	EndGlobalSection
EndGlobal
